# This file is automatically @generated by Cargo.
# It is not intended for manual editing.
version = 4

[[package]]
name = "autocfg"
version = "1.4.0"
source = "registry+https://github.com/rust-lang/crates.io-index"
checksum = "ace50bade8e6234aa140d9a2f552bbee1db4d353f69b8217bc503490fc1a9f26"

[[package]]
name = "core_lang"
version = "0.0.0"
dependencies = [
 "radlr_build",
 "radlr_rust_runtime",
]

[[package]]
name = "iced-x86"
version = "1.21.0"
source = "registry+https://github.com/rust-lang/crates.io-index"
checksum = "7c447cff8c7f384a7d4f741cfcff32f75f3ad02b406432e8d6c878d56b1edf6b"
dependencies = [
 "lazy_static",
]

[[package]]
name = "lazy_static"
version = "1.5.0"
source = "registry+https://github.com/rust-lang/crates.io-index"
checksum = "bbd2bcb4c963f2ddae06a2efc7e9f3591312473c50c6685e1f298068316e66fe"

[[package]]
name = "libc"
version = "0.2.164"
source = "registry+https://github.com/rust-lang/crates.io-index"
checksum = "433bfe06b8c75da9b2e3fbea6e5329ff87748f0b144ef75306e674c3f6f7c13f"

[[package]]
name = "num-traits"
version = "0.2.19"
source = "registry+https://github.com/rust-lang/crates.io-index"
checksum = "071dfc062690e90b734c0b2273ce72ad0ffa95f0c74596bc250dcfd960262841"
dependencies = [
 "autocfg",
]

[[package]]
name = "once_cell"
version = "1.20.2"
source = "registry+https://github.com/rust-lang/crates.io-index"
checksum = "1261fe7e33c73b354eab43b1273a57c8f967d0391e80353e51f764ac02cf6775"

[[package]]
name = "radlr_ascript"
version = "1.0.1-beta1"
source = "git+https://github.com/acweathersby/radlr#ee468840e5f8b0f321d63e2ef97b3c3eb0d8cca0"
dependencies = [
 "radlr_core",
 "radlr_formatter",
 "radlr_rust_runtime",
]

[[package]]
name = "radlr_build"
version = "0.0.0"
source = "git+https://github.com/acweathersby/radlr#ee468840e5f8b0f321d63e2ef97b3c3eb0d8cca0"
dependencies = [
 "radlr_ascript",
 "radlr_bytecode",
 "radlr_core",
 "radlr_formatter",
 "radlr_rust_runtime",
]

[[package]]
name = "radlr_bytecode"
version = "1.0.1-beta1"
source = "git+https://github.com/acweathersby/radlr#ee468840e5f8b0f321d63e2ef97b3c3eb0d8cca0"
dependencies = [
 "radlr_core",
 "radlr_rust_runtime",
]

[[package]]
name = "radlr_core"
version = "1.0.1-beta2"
source = "git+https://github.com/acweathersby/radlr#ee468840e5f8b0f321d63e2ef97b3c3eb0d8cca0"
dependencies = [
 "radlr_rust_runtime",
]

[[package]]
name = "radlr_formatter"
version = "1.0.1-beta1"
source = "git+https://github.com/acweathersby/radlr#ee468840e5f8b0f321d63e2ef97b3c3eb0d8cca0"
dependencies = [
 "radlr_core",
 "radlr_rust_runtime",
]

[[package]]
name = "radlr_rust_runtime"
version = "1.0.1-beta1"
source = "git+https://github.com/acweathersby/radlr#ee468840e5f8b0f321d63e2ef97b3c3eb0d8cca0"

[[package]]
name = "rum_common"
version = "0.1.0"
dependencies = [
 "iced-x86",
 "libc",
 "num-traits",
 "once_cell",
 "radlr_build",
 "radlr_rust_runtime",
]

[[package]]
name = "rum_compiler"
version = "0.1.0"
dependencies = [
 "core_lang",
 "iced-x86",
 "libc",
 "num-traits",
 "radlr_rust_runtime",
 "rum_common",
 "rum_lang",
]

[[package]]
name = "rum_lang"
version = "0.1.0"
dependencies = [
 "iced-x86",
 "libc",
 "num-traits",
 "once_cell",
 "radlr_build",
 "radlr_rust_runtime",
 "rum_common",
]
